
Microsoft Visual Studio Solution File, Format Version 12.00
# Visual Studio Version 17
VisualStudioVersion = 17.9.34723.18
MinimumVisualStudioVersion = 10.0.40219.1
Project("{2150E333-8FDC-42A3-9474-1A3956D46DE8}") = "src", "src", "{7641F1C4-459B-4305-A479-51BD98DD2BC2}"
EndProject
Project("{2150E333-8FDC-42A3-9474-1A3956D46DE8}") = "Shared", "Shared", "{2D1FFBF8-4514-4D4F-87F1-E597A4EB4F40}"
EndProject
Project("{2150E333-8FDC-42A3-9474-1A3956D46DE8}") = "Core", "Core", "{A33B1A3A-067D-4200-8F23-BEEB1C35325D}"
EndProject
Project("{2150E333-8FDC-42A3-9474-1A3956D46DE8}") = "Infrastructure", "Infrastructure", "{65AC333B-B169-426F-BA7C-96D8C7F426D5}"
EndProject
Project("{2150E333-8FDC-42A3-9474-1A3956D46DE8}") = "NLog", "NLog", "{AE600EC0-25B6-4D13-8A56-53D6837BB2FD}"
EndProject
Project("{9A19103F-16F7-4668-BE54-9A1E7A4F7556}") = "Libba.Mythra.Shared", "src\Shared\Libba.Mythra.Shared\Libba.Mythra.Shared.csproj", "{352513E3-F31C-410B-A951-1F3F2CFE1426}"
EndProject
Project("{2150E333-8FDC-42A3-9474-1A3956D46DE8}") = "Application", "Application", "{733D1552-2EB6-4FCB-A727-4190F9A9CD3C}"
EndProject
Project("{9A19103F-16F7-4668-BE54-9A1E7A4F7556}") = "Libba.Mythra.Core.Domain", "src\Core\Libba.Mythra.Core.Domain\Libba.Mythra.Core.Domain.csproj", "{72BC5683-C526-4934-9481-3BDF1E1EFFB1}"
EndProject
Project("{2150E333-8FDC-42A3-9474-1A3956D46DE8}") = "Service", "Service", "{C2683010-1D37-4820-88FF-174C4DF7B819}"
EndProject
Project("{9A19103F-16F7-4668-BE54-9A1E7A4F7556}") = "Libba.Mythra.Core.Application.Service.Auth", "src\Core\Application\Service\Libba.Mythra.Core.Application.Service.Auth\Libba.Mythra.Core.Application.Service.Auth.csproj", "{D0719B08-78EF-43F8-BC25-7A5654A29A3D}"
EndProject
Project("{9A19103F-16F7-4668-BE54-9A1E7A4F7556}") = "Libba.Mythra.Infrastructure.NLog", "src\Infrastructure\NLog\Libba.Mythra.Infrastructure.NLog\Libba.Mythra.Infrastructure.NLog.csproj", "{BCA644CA-C656-4386-A9AB-5B20BB65B7B2}"
EndProject
Project("{2150E333-8FDC-42A3-9474-1A3956D46DE8}") = "Presentation", "Presentation", "{2989BAE4-7EC7-4986-A575-6F1AC3880CA9}"
EndProject
Project("{9A19103F-16F7-4668-BE54-9A1E7A4F7556}") = "Libba.Mythra.Presentation.WebAPI", "src\Presentation\Libba.Mythra.Presentation.WebAPI\Libba.Mythra.Presentation.WebAPI.csproj", "{552A5026-067F-4CDF-BEF5-41E40F873B79}"
EndProject
Project("{2150E333-8FDC-42A3-9474-1A3956D46DE8}") = "Contract", "Contract", "{4818CE2F-1F2B-4854-9FFB-4C7B46ADBC15}"
EndProject
Project("{2150E333-8FDC-42A3-9474-1A3956D46DE8}") = "Persistence", "Persistence", "{BA53D6A5-CE3C-4231-BAF7-9C5C22C6ACB8}"
EndProject
Project("{2150E333-8FDC-42A3-9474-1A3956D46DE8}") = "Mapper", "Mapper", "{94FECC75-4716-4DB1-A973-2F6B21FCE4AB}"
EndProject
Project("{9A19103F-16F7-4668-BE54-9A1E7A4F7556}") = "Libba.Mythra.Core.Application.Mapper", "src\Core\Application\Mapper\Libba.Mythra.Core.Application.Mapper\Libba.Mythra.Core.Application.Mapper.csproj", "{29F8B356-74C0-4ECE-AB65-85FCF560F2CF}"
EndProject
Project("{9A19103F-16F7-4668-BE54-9A1E7A4F7556}") = "Libba.Mythra.Core.Application.Contract", "src\Core\Application\Contract\Libba.Mythra.Core.Application.Contract\Libba.Mythra.Core.Application.Contract.csproj", "{1740EB91-F4F4-489F-BD53-0EC4C7CE70AC}"
EndProject
Project("{2150E333-8FDC-42A3-9474-1A3956D46DE8}") = "Dapper", "Dapper", "{2D3775D6-22C7-4F4D-8E8C-FD8D1AD45703}"
EndProject
Project("{2150E333-8FDC-42A3-9474-1A3956D46DE8}") = "EfCore", "EfCore", "{08EF5207-21F1-4E72-BDE4-1453BAC91417}"
EndProject
Project("{FAE04EC0-301F-11D3-BF4B-00C04F79EFBC}") = "Libba.Mythra.Infrastructure.Persistence.Dapper", "src\Infrastructure\Persistence\Dapper\Libba.Mythra.Infrastructure.Persistence.Dapper\Libba.Mythra.Infrastructure.Persistence.Dapper.csproj", "{7C173B7C-E08C-4BD3-9C25-AA6777434EB1}"
EndProject
Project("{FAE04EC0-301F-11D3-BF4B-00C04F79EFBC}") = "Libba.Mythra.Infrastructure.Persistence.EfCore", "src\Infrastructure\Persistence\EfCore\Libba.Mythra.Infrastructure.Persistence.EfCore\Libba.Mythra.Infrastructure.Persistence.EfCore.csproj", "{43C25A4B-E7CD-47C3-AEF0-6F101FAFF237}"
EndProject
Global
	GlobalSection(SolutionConfigurationPlatforms) = preSolution
		Debug|Any CPU = Debug|Any CPU
		Release|Any CPU = Release|Any CPU
	EndGlobalSection
	GlobalSection(ProjectConfigurationPlatforms) = postSolution
		{352513E3-F31C-410B-A951-1F3F2CFE1426}.Debug|Any CPU.ActiveCfg = Debug|Any CPU
		{352513E3-F31C-410B-A951-1F3F2CFE1426}.Debug|Any CPU.Build.0 = Debug|Any CPU
		{352513E3-F31C-410B-A951-1F3F2CFE1426}.Release|Any CPU.ActiveCfg = Release|Any CPU
		{352513E3-F31C-410B-A951-1F3F2CFE1426}.Release|Any CPU.Build.0 = Release|Any CPU
		{72BC5683-C526-4934-9481-3BDF1E1EFFB1}.Debug|Any CPU.ActiveCfg = Debug|Any CPU
		{72BC5683-C526-4934-9481-3BDF1E1EFFB1}.Debug|Any CPU.Build.0 = Debug|Any CPU
		{72BC5683-C526-4934-9481-3BDF1E1EFFB1}.Release|Any CPU.ActiveCfg = Release|Any CPU
		{72BC5683-C526-4934-9481-3BDF1E1EFFB1}.Release|Any CPU.Build.0 = Release|Any CPU
		{D0719B08-78EF-43F8-BC25-7A5654A29A3D}.Debug|Any CPU.ActiveCfg = Debug|Any CPU
		{D0719B08-78EF-43F8-BC25-7A5654A29A3D}.Debug|Any CPU.Build.0 = Debug|Any CPU
		{D0719B08-78EF-43F8-BC25-7A5654A29A3D}.Release|Any CPU.ActiveCfg = Release|Any CPU
		{D0719B08-78EF-43F8-BC25-7A5654A29A3D}.Release|Any CPU.Build.0 = Release|Any CPU
		{BCA644CA-C656-4386-A9AB-5B20BB65B7B2}.Debug|Any CPU.ActiveCfg = Debug|Any CPU
		{BCA644CA-C656-4386-A9AB-5B20BB65B7B2}.Debug|Any CPU.Build.0 = Debug|Any CPU
		{BCA644CA-C656-4386-A9AB-5B20BB65B7B2}.Release|Any CPU.ActiveCfg = Release|Any CPU
		{BCA644CA-C656-4386-A9AB-5B20BB65B7B2}.Release|Any CPU.Build.0 = Release|Any CPU
		{552A5026-067F-4CDF-BEF5-41E40F873B79}.Debug|Any CPU.ActiveCfg = Debug|Any CPU
		{552A5026-067F-4CDF-BEF5-41E40F873B79}.Debug|Any CPU.Build.0 = Debug|Any CPU
		{552A5026-067F-4CDF-BEF5-41E40F873B79}.Release|Any CPU.ActiveCfg = Release|Any CPU
		{552A5026-067F-4CDF-BEF5-41E40F873B79}.Release|Any CPU.Build.0 = Release|Any CPU
		{29F8B356-74C0-4ECE-AB65-85FCF560F2CF}.Debug|Any CPU.ActiveCfg = Debug|Any CPU
		{29F8B356-74C0-4ECE-AB65-85FCF560F2CF}.Debug|Any CPU.Build.0 = Debug|Any CPU
		{29F8B356-74C0-4ECE-AB65-85FCF560F2CF}.Release|Any CPU.ActiveCfg = Release|Any CPU
		{29F8B356-74C0-4ECE-AB65-85FCF560F2CF}.Release|Any CPU.Build.0 = Release|Any CPU
		{1740EB91-F4F4-489F-BD53-0EC4C7CE70AC}.Debug|Any CPU.ActiveCfg = Debug|Any CPU
		{1740EB91-F4F4-489F-BD53-0EC4C7CE70AC}.Debug|Any CPU.Build.0 = Debug|Any CPU
		{1740EB91-F4F4-489F-BD53-0EC4C7CE70AC}.Release|Any CPU.ActiveCfg = Release|Any CPU
		{1740EB91-F4F4-489F-BD53-0EC4C7CE70AC}.Release|Any CPU.Build.0 = Release|Any CPU
		{7C173B7C-E08C-4BD3-9C25-AA6777434EB1}.Debug|Any CPU.ActiveCfg = Debug|Any CPU
		{7C173B7C-E08C-4BD3-9C25-AA6777434EB1}.Debug|Any CPU.Build.0 = Debug|Any CPU
		{7C173B7C-E08C-4BD3-9C25-AA6777434EB1}.Release|Any CPU.ActiveCfg = Release|Any CPU
		{7C173B7C-E08C-4BD3-9C25-AA6777434EB1}.Release|Any CPU.Build.0 = Release|Any CPU
		{43C25A4B-E7CD-47C3-AEF0-6F101FAFF237}.Debug|Any CPU.ActiveCfg = Debug|Any CPU
		{43C25A4B-E7CD-47C3-AEF0-6F101FAFF237}.Debug|Any CPU.Build.0 = Debug|Any CPU
		{43C25A4B-E7CD-47C3-AEF0-6F101FAFF237}.Release|Any CPU.ActiveCfg = Release|Any CPU
		{43C25A4B-E7CD-47C3-AEF0-6F101FAFF237}.Release|Any CPU.Build.0 = Release|Any CPU
	EndGlobalSection
	GlobalSection(SolutionProperties) = preSolution
		HideSolutionNode = FALSE
	EndGlobalSection
	GlobalSection(NestedProjects) = preSolution
		{2D1FFBF8-4514-4D4F-87F1-E597A4EB4F40} = {7641F1C4-459B-4305-A479-51BD98DD2BC2}
		{A33B1A3A-067D-4200-8F23-BEEB1C35325D} = {7641F1C4-459B-4305-A479-51BD98DD2BC2}
		{65AC333B-B169-426F-BA7C-96D8C7F426D5} = {7641F1C4-459B-4305-A479-51BD98DD2BC2}
		{AE600EC0-25B6-4D13-8A56-53D6837BB2FD} = {65AC333B-B169-426F-BA7C-96D8C7F426D5}
		{352513E3-F31C-410B-A951-1F3F2CFE1426} = {2D1FFBF8-4514-4D4F-87F1-E597A4EB4F40}
		{733D1552-2EB6-4FCB-A727-4190F9A9CD3C} = {A33B1A3A-067D-4200-8F23-BEEB1C35325D}
		{72BC5683-C526-4934-9481-3BDF1E1EFFB1} = {A33B1A3A-067D-4200-8F23-BEEB1C35325D}
		{C2683010-1D37-4820-88FF-174C4DF7B819} = {733D1552-2EB6-4FCB-A727-4190F9A9CD3C}
		{D0719B08-78EF-43F8-BC25-7A5654A29A3D} = {C2683010-1D37-4820-88FF-174C4DF7B819}
		{BCA644CA-C656-4386-A9AB-5B20BB65B7B2} = {AE600EC0-25B6-4D13-8A56-53D6837BB2FD}
		{2989BAE4-7EC7-4986-A575-6F1AC3880CA9} = {7641F1C4-459B-4305-A479-51BD98DD2BC2}
		{552A5026-067F-4CDF-BEF5-41E40F873B79} = {2989BAE4-7EC7-4986-A575-6F1AC3880CA9}
		{4818CE2F-1F2B-4854-9FFB-4C7B46ADBC15} = {733D1552-2EB6-4FCB-A727-4190F9A9CD3C}
		{BA53D6A5-CE3C-4231-BAF7-9C5C22C6ACB8} = {65AC333B-B169-426F-BA7C-96D8C7F426D5}
		{94FECC75-4716-4DB1-A973-2F6B21FCE4AB} = {733D1552-2EB6-4FCB-A727-4190F9A9CD3C}
		{29F8B356-74C0-4ECE-AB65-85FCF560F2CF} = {94FECC75-4716-4DB1-A973-2F6B21FCE4AB}
		{1740EB91-F4F4-489F-BD53-0EC4C7CE70AC} = {4818CE2F-1F2B-4854-9FFB-4C7B46ADBC15}
		{2D3775D6-22C7-4F4D-8E8C-FD8D1AD45703} = {BA53D6A5-CE3C-4231-BAF7-9C5C22C6ACB8}
		{08EF5207-21F1-4E72-BDE4-1453BAC91417} = {BA53D6A5-CE3C-4231-BAF7-9C5C22C6ACB8}
		{7C173B7C-E08C-4BD3-9C25-AA6777434EB1} = {2D3775D6-22C7-4F4D-8E8C-FD8D1AD45703}
		{43C25A4B-E7CD-47C3-AEF0-6F101FAFF237} = {08EF5207-21F1-4E72-BDE4-1453BAC91417}
	EndGlobalSection
	GlobalSection(ExtensibilityGlobals) = postSolution
		SolutionGuid = {E7116872-9F57-4BE2-92A8-8468E2A76297}
	EndGlobalSection
EndGlobal
